
Microsoft Visual Studio Solution File, Format Version 12.00
# Visual Studio Version 16
VisualStudioVersion = 16.0.32106.194
MinimumVisualStudioVersion = 10.0.40219.1
Project("{FAE04EC0-301F-11D3-BF4B-00C04F79EFBC}") = "AwesomeGym.API", "AwesomeGym.API\AwesomeGym.API.csproj", "{695EC29B-1302-4996-B42A-C13DC29DE5FD}"
EndProject
Project("{FAE04EC0-301F-11D3-BF4B-00C04F79EFBC}") = "AwesomeGym.Application", "AwesomeGym.Application\AwesomeGym.Application.csproj", "{8538D98C-5825-43CD-9D51-784F811252A1}"
EndProject
Project("{FAE04EC0-301F-11D3-BF4B-00C04F79EFBC}") = "AwesymeGym.Core", "AwesymeGym.Core\AwesymeGym.Core.csproj", "{B88E3187-C740-4269-AA5E-02C06B67BCCC}"
EndProject
Global
	GlobalSection(SolutionConfigurationPlatforms) = preSolution
		Debug|Any CPU = Debug|Any CPU
		Release|Any CPU = Release|Any CPU
	EndGlobalSection
	GlobalSection(ProjectConfigurationPlatforms) = postSolution
		{695EC29B-1302-4996-B42A-C13DC29DE5FD}.Debug|Any CPU.ActiveCfg = Debug|Any CPU
		{695EC29B-1302-4996-B42A-C13DC29DE5FD}.Debug|Any CPU.Build.0 = Debug|Any CPU
		{695EC29B-1302-4996-B42A-C13DC29DE5FD}.Release|Any CPU.ActiveCfg = Release|Any CPU
		{695EC29B-1302-4996-B42A-C13DC29DE5FD}.Release|Any CPU.Build.0 = Release|Any CPU
		{8538D98C-5825-43CD-9D51-784F811252A1}.Debug|Any CPU.ActiveCfg = Debug|Any CPU
		{8538D98C-5825-43CD-9D51-784F811252A1}.Debug|Any CPU.Build.0 = Debug|Any CPU
		{8538D98C-5825-43CD-9D51-784F811252A1}.Release|Any CPU.ActiveCfg = Release|Any CPU
		{8538D98C-5825-43CD-9D51-784F811252A1}.Release|Any CPU.Build.0 = Release|Any CPU
		{B88E3187-C740-4269-AA5E-02C06B67BCCC}.Debug|Any CPU.ActiveCfg = Debug|Any CPU
		{B88E3187-C740-4269-AA5E-02C06B67BCCC}.Debug|Any CPU.Build.0 = Debug|Any CPU
		{B88E3187-C740-4269-AA5E-02C06B67BCCC}.Release|Any CPU.ActiveCfg = Release|Any CPU
		{B88E3187-C740-4269-AA5E-02C06B67BCCC}.Release|Any CPU.Build.0 = Release|Any CPU
	EndGlobalSection
	GlobalSection(SolutionProperties) = preSolution
		HideSolutionNode = FALSE
	EndGlobalSection
	GlobalSection(ExtensibilityGlobals) = postSolution
		SolutionGuid = {5EC95514-571D-4DE4-BFB8-BCAB7C9EECA0}
	EndGlobalSection
EndGlobal
